{
  "name": "workspace",
  "version": "1.0.0",
  "lockfileVersion": 3,
  "requires": true,
  "packages": {
    "": {
      "name": "workspace",
      "version": "1.0.0",
      "license": "ISC",
      "dependencies": {
        "zod": "^4.1.4"
      }
    },
    "node_modules/zod": {
      "version": "4.1.4",
      "resolved": "https://registry.npmjs.org/zod/-/zod-4.1.4.tgz",
      "integrity": "sha512-2YqJuWkU6IIK9qcE4k1lLLhyZ6zFw7XVRdQGpV97jEIZwTrscUw+DY31Xczd8nwaoksyJUIxCojZXwckJovWxA==",
      "license": "MIT",
      "funding": {
        "url": "https://github.com/sponsors/colinhacks"
      }
    }
  }
}
